# This file is automatically @generated by Poetry 1.8.0 and should not be changed by hand.

[[package]]
name = "ffmpeg-python"
version = "0.2.0"
description = "Python bindings for FFmpeg - with complex filtering support"
optional = false
python-versions = "*"
files = []

[[package]]
name = "filelock"
version = "3.18.0"
description = "A platform independent file lock."
optional = false
python-versions = "*"
files = []

[[package]]
name = "fsspec"
version = "2025.3.2"
description = "File-system specification"
optional = false
python-versions = "*"
files = []

[[package]]
name = "gradio"
version = "5.29.1"
description = "Python library for easily interacting with trained machine learning models"
optional = false
python-versions = "*"
files = []

[[package]]
name = "Jinja2"
version = "3.1.6"
description = "A very fast and expressive template engine."
optional = false
python-versions = "*"
files = []

[[package]]
name = "librosa"
version = "0.9.2"
description = "Python module for audio and music processing"
optional = false
python-versions = "*"
files = []

[[package]]
name = "networkx"
version = "3.4.2"
description = "Python package for creating and manipulating graphs and networks"
optional = false
python-versions = "*"
files = []

[[package]]
name = "nvidia-cublas-cu12"
version = "12.1.3.1"
description = "CUBLAS native runtime libraries"
optional = false
python-versions = ">=3"
files = [
    {file = "nvidia_cublas_cu12-12.1.3.1-py3-none-manylinux1_x86_64.whl", hash = "sha256:ee53ccca76a6fc08fb9701aa95b6ceb242cdaab118c3bb152af4e579af792728"},
]

[package.source]
type = "legacy"
url = "https://download.pytorch.org/whl/cu121"
reference = "torch-cuda"

[[package]]
name = "nvidia-cuda-cupti-cu12"
version = "12.1.105"
description = "CUDA profiling tools runtime libs."
optional = false
python-versions = ">=3"
files = [
    {file = "nvidia_cuda_cupti_cu12-12.1.105-py3-none-manylinux1_x86_64.whl", hash = "sha256:e54fde3983165c624cb79254ae9818a456eb6e87a7fd4d56a2352c24ee542d7e"},
]

[package.source]
type = "legacy"
url = "https://download.pytorch.org/whl/cu121"
reference = "torch-cuda"

[[package]]
name = "nvidia-cuda-nvrtc-cu12"
version = "12.1.105"
description = "NVRTC native runtime libraries"
optional = false
python-versions = ">=3"
files = [
    {file = "nvidia_cuda_nvrtc_cu12-12.1.105-py3-none-manylinux1_x86_64.whl", hash = "sha256:339b385f50c309763ca65456ec75e17bbefcbbf2893f462cb8b90584cd27a1c2"},
]

[package.source]
type = "legacy"
url = "https://download.pytorch.org/whl/cu121"
reference = "torch-cuda"

[[package]]
name = "nvidia-cuda-runtime-cu12"
version = "12.1.105"
description = "CUDA Runtime native Libraries"
optional = false
python-versions = ">=3"
files = [
    {file = "nvidia_cuda_runtime_cu12-12.1.105-py3-none-manylinux1_x86_64.whl", hash = "sha256:6e258468ddf5796e25f1dc591a31029fa317d97a0a94ed93468fc86301d61e40"},
]

[package.source]
type = "legacy"
url = "https://download.pytorch.org/whl/cu121"
reference = "torch-cuda"

[[package]]
name = "nvidia-cudnn-cu12"
version = "9.1.0.70"
description = "cuDNN runtime libraries"
optional = false
python-versions = ">=3"
files = [
    {file = "nvidia_cudnn_cu12-9.1.0.70-py3-none-manylinux2014_x86_64.whl", hash = "sha256:165764f44ef8c61fcdfdfdbe769d687e06374059fbb388b6c89ecb0e28793a6f"},
]

[package.dependencies]
nvidia-cublas-cu12 = "*"

[package.source]
type = "legacy"
url = "https://download.pytorch.org/whl/cu121"
reference = "torch-cuda"

[[package]]
name = "nvidia-cufft-cu12"
version = "11.0.2.54"
description = "CUFFT native runtime libraries"
optional = false
python-versions = ">=3"
files = [
    {file = "nvidia_cufft_cu12-11.0.2.54-py3-none-manylinux1_x86_64.whl", hash = "sha256:794e3948a1aa71fd817c3775866943936774d1c14e7628c74f6f7417224cdf56"},
]

[package.source]
type = "legacy"
url = "https://download.pytorch.org/whl/cu121"
reference = "torch-cuda"

[[package]]
name = "nvidia-curand-cu12"
version = "10.3.2.106"
description = "CURAND native runtime libraries"
optional = false
python-versions = ">=3"
files = [
    {file = "nvidia_curand_cu12-10.3.2.106-py3-none-manylinux1_x86_64.whl", hash = "sha256:9d264c5036dde4e64f1de8c50ae753237c12e0b1348738169cd0f8a536c0e1e0"},
]

[package.source]
type = "legacy"
url = "https://download.pytorch.org/whl/cu121"
reference = "torch-cuda"

[[package]]
name = "nvidia-cusolver-cu12"
version = "11.4.5.107"
description = "CUDA solver native runtime libraries"
optional = false
python-versions = ">=3"
files = [
    {file = "nvidia_cusolver_cu12-11.4.5.107-py3-none-manylinux1_x86_64.whl", hash = "sha256:8a7ec542f0412294b15072fa7dab71d31334014a69f953004ea7a118206fe0dd"},
]

[package.dependencies]
nvidia-cublas-cu12 = "*"
nvidia-cusparse-cu12 = "*"
nvidia-nvjitlink-cu12 = "*"

[package.source]
type = "legacy"
url = "https://download.pytorch.org/whl/cu121"
reference = "torch-cuda"

[[package]]
name = "nvidia-cusparse-cu12"
version = "12.1.0.106"
description = "CUSPARSE native runtime libraries"
optional = false
python-versions = ">=3"
files = [
    {file = "nvidia_cusparse_cu12-12.1.0.106-py3-none-manylinux1_x86_64.whl", hash = "sha256:f3b50f42cf363f86ab21f720998517a659a48131e8d538dc02f8768237bd884c"},
]

[package.dependencies]
nvidia-nvjitlink-cu12 = "*"

[package.source]
type = "legacy"
url = "https://download.pytorch.org/whl/cu121"
reference = "torch-cuda"

[[package]]
name = "nvidia-nccl-cu12"
version = "2.20.5"
description = "NVIDIA Collective Communication Library (NCCL) Runtime"
optional = false
python-versions = ">=3"
files = [
    {file = "nvidia_nccl_cu12-2.20.5-py3-none-manylinux2014_x86_64.whl", hash = "sha256:057f6bf9685f75215d0c53bf3ac4a10b3e6578351de307abad9e18a99182af56"},
]

[package.source]
type = "legacy"
url = "https://download.pytorch.org/whl/cu121"
reference = "torch-cuda"

[[package]]
name = "nvidia-nvjitlink-cu12"
version = "12.6.85"
description = "Nvidia JIT LTO Library"
optional = false
python-versions = "*"
files = []

[[package]]
name = "nvidia-nvtx-cu12"
version = "12.1.105"
description = "NVIDIA Tools Extension"
optional = false
python-versions = ">=3"
files = [
    {file = "nvidia_nvtx_cu12-12.1.105-py3-none-manylinux1_x86_64.whl", hash = "sha256:dc21cf308ca5691e7c04d962e213f8a4aa9bbfa23d95412f452254c2caeb09e5"},
]

[package.source]
type = "legacy"
url = "https://download.pytorch.org/whl/cu121"
reference = "torch-cuda"

[[package]]
name = "piano-transcription-inference"
version = "0.0.6"
description = "Piano transcription inference toolbox"
optional = false
python-versions = "*"
files = []

[[package]]
name = "pretty_midi"
version = "0.2.10"
description = "Functions and classes for handling MIDI data conveniently."
optional = false
python-versions = "*"
files = []

[[package]]
name = "pydub"
version = "0.25.1"
description = "Manipulate audio with an simple and easy high level interface"
optional = false
python-versions = "*"
files = []

[[package]]
name = "scipy"
version = "1.15.3"
description = "Fundamental algorithms for scientific computing in Python"
optional = false
python-versions = "*"
files = []

[[package]]
name = "seaborn"
version = "0.13.2"
description = "Statistical data visualization"
optional = false
python-versions = "*"
files = []

[[package]]
name = "sympy"
version = "1.14.0"
description = "Computer algebra system (CAS) in Python"
optional = false
python-versions = "*"
files = []

[[package]]
name = "torch"
version = "2.4.0+cu121"
description = "Tensors and Dynamic neural networks in Python with strong GPU acceleration"
optional = false
python-versions = ">=3.8.0"
files = [
    {file = "torch-2.4.0+cu121-cp310-cp310-linux_x86_64.whl", hash = "sha256:28bfba084dca52a06c465d7ad0f3cc372c35fc503f3eab881cc17a5fd82914e7"},
    {file = "torch-2.4.0+cu121-cp310-cp310-win_amd64.whl", hash = "sha256:9244bdc160d701915ae03e14cc25c085aa11e30d711a0b64bef0ee427e04632c"},
    {file = "torch-2.4.0+cu121-cp311-cp311-linux_x86_64.whl", hash = "sha256:a9fff32d365e0c74b6909480548b2e291314a204adb29b6bb6f2c6d33f8be26c"},
    {file = "torch-2.4.0+cu121-cp311-cp311-win_amd64.whl", hash = "sha256:bada31485e04282b9f099da39b774484d3e4c431b7ea0df3663817295ae764e4"},
    {file = "torch-2.4.0+cu121-cp312-cp312-linux_x86_64.whl", hash = "sha256:49ac55a6497ddd6d0cdd51b5ea27d8ebe20c9273077855e9c96eb0dc289f07c3"},
    {file = "torch-2.4.0+cu121-cp312-cp312-win_amd64.whl", hash = "sha256:b5c27549daf5f3209da6e07607f2bb8d02712555734fcd8cd7a23703a6e7d639"},
    {file = "torch-2.4.0+cu121-cp38-cp38-linux_x86_64.whl", hash = "sha256:8a479b71740af92a4e1b99045bea831f3da73187c8c3e3d212b1e6fe39315b21"},
    {file = "torch-2.4.0+cu121-cp38-cp38-win_amd64.whl", hash = "sha256:b427595ebad5991e3aa3b19e5eee1a7eee1e817d12ea70b71fc57488b8c8e795"},
    {file = "torch-2.4.0+cu121-cp39-cp39-linux_x86_64.whl", hash = "sha256:88839bae2b967dd38579aab0bba9510e92b11dabbc4e1dd5e630c5fd655f5da7"},
    {file = "torch-2.4.0+cu121-cp39-cp39-win_amd64.whl", hash = "sha256:008e0895ec3193e9f547cd6104d835f80dd12e85440bbe3c9f408072376bcd19"},
]

[package.dependencies]
filelock = "*"
fsspec = "*"
jinja2 = "*"
networkx = "*"
nvidia-cublas-cu12 = {version = "12.1.3.1", markers = "platform_system == \"Linux\" and platform_machine == \"x86_64\""}
nvidia-cuda-cupti-cu12 = {version = "12.1.105", markers = "platform_system == \"Linux\" and platform_machine == \"x86_64\""}
nvidia-cuda-nvrtc-cu12 = {version = "12.1.105", markers = "platform_system == \"Linux\" and platform_machine == \"x86_64\""}
nvidia-cuda-runtime-cu12 = {version = "12.1.105", markers = "platform_system == \"Linux\" and platform_machine == \"x86_64\""}
nvidia-cudnn-cu12 = {version = "9.1.0.70", markers = "platform_system == \"Linux\" and platform_machine == \"x86_64\""}
nvidia-cufft-cu12 = {version = "11.0.2.54", markers = "platform_system == \"Linux\" and platform_machine == \"x86_64\""}
nvidia-curand-cu12 = {version = "10.3.2.106", markers = "platform_system == \"Linux\" and platform_machine == \"x86_64\""}
nvidia-cusolver-cu12 = {version = "11.4.5.107", markers = "platform_system == \"Linux\" and platform_machine == \"x86_64\""}
nvidia-cusparse-cu12 = {version = "12.1.0.106", markers = "platform_system == \"Linux\" and platform_machine == \"x86_64\""}
nvidia-nccl-cu12 = {version = "2.20.5", markers = "platform_system == \"Linux\" and platform_machine == \"x86_64\""}
nvidia-nvtx-cu12 = {version = "12.1.105", markers = "platform_system == \"Linux\" and platform_machine == \"x86_64\""}
sympy = "*"
triton = {version = "3.0.0", markers = "platform_system == \"Linux\" and platform_machine == \"x86_64\" and python_version < \"3.13\""}
typing-extensions = ">=4.8.0"

[package.extras]
opt-einsum = ["opt-einsum (>=3.3)"]
optree = ["optree (>=0.11.0)"]

[package.source]
type = "legacy"
url = "https://download.pytorch.org/whl/cu121"
reference = "torch-cu121"

[[package]]
name = "torchaudio"
version = "2.4.0+cu121"
description = "An audio package for PyTorch"
optional = false
python-versions = "*"
files = [
    {file = "torchaudio-2.4.0+cu121-cp310-cp310-linux_x86_64.whl", hash = "sha256:47e1763ebdd41080fa3ad96ff4e4f2287831cfa8dde75233ad1329c613abda50"},
    {file = "torchaudio-2.4.0+cu121-cp310-cp310-win_amd64.whl", hash = "sha256:8e8b7b574b0697e58a6da9957df9564a9eeedbe8a14c5c1d16c120f41ca5c7ad"},
    {file = "torchaudio-2.4.0+cu121-cp311-cp311-linux_x86_64.whl", hash = "sha256:29c8c43a49b4303667bf20cd85c3f6e9ba2b4a0fb4b6aaec2e02b3b2d6cc6cea"},
    {file = "torchaudio-2.4.0+cu121-cp311-cp311-win_amd64.whl", hash = "sha256:1e399d274eefd35d77224c2c308bdbfcd7300cfa2c080e098aa8f215d7aba482"},
    {file = "torchaudio-2.4.0+cu121-cp312-cp312-linux_x86_64.whl", hash = "sha256:813c1ba237a5bd8059a3404e6aff71b5cd3d4979ad095dcfade1592680855031"},
    {file = "torchaudio-2.4.0+cu121-cp312-cp312-win_amd64.whl", hash = "sha256:215d6753381fefee6df4fe5d70c047652193c72f6ecec1f969d049e0b26fe745"},
    {file = "torchaudio-2.4.0+cu121-cp38-cp38-linux_x86_64.whl", hash = "sha256:1db6c56789c44daca0411c5231883a7773a6ab16f1eae4ab5eb53346def5453c"},
    {file = "torchaudio-2.4.0+cu121-cp38-cp38-win_amd64.whl", hash = "sha256:e15ee75e5b6ea257982c52e86a20a9428882b7f4f543eec69a4e3ad7c51c1900"},
    {file = "torchaudio-2.4.0+cu121-cp39-cp39-linux_x86_64.whl", hash = "sha256:e701b5c57391f40a4b4dd590b6df1e1adfbcdc6c13eb37c45be29acb8a73e6f4"},
    {file = "torchaudio-2.4.0+cu121-cp39-cp39-win_amd64.whl", hash = "sha256:dd191fdedcccec2e29b9fdd667f73649268ca005067c18a4f4fca336f0ba23b1"},
]

[package.dependencies]
torch = "2.4.0"

[package.source]
type = "legacy"
url = "https://download.pytorch.org/whl/cu121"
reference = "torch-cu121"

[[package]]
name = "triton"
version = "3.0.0"
description = "A language and compiler for custom Deep Learning operations"
optional = false
python-versions = "*"
files = [
    {file = "triton-3.0.0-1-cp310-cp310-manylinux2014_x86_64.manylinux_2_17_x86_64.whl", hash = "sha256:e1efef76935b2febc365bfadf74bcb65a6f959a9872e5bddf44cc9e0adce1e1a"},
    {file = "triton-3.0.0-1-cp311-cp311-manylinux2014_x86_64.manylinux_2_17_x86_64.whl", hash = "sha256:5ce8520437c602fb633f1324cc3871c47bee3b67acf9756c1a66309b60e3216c"},
    {file = "triton-3.0.0-1-cp312-cp312-manylinux2014_x86_64.manylinux_2_17_x86_64.whl", hash = "sha256:34e509deb77f1c067d8640725ef00c5cbfcb2052a1a3cb6a6d343841f92624eb"},
    {file = "triton-3.0.0-1-cp38-cp38-manylinux2014_x86_64.manylinux_2_17_x86_64.whl", hash = "sha256:bcbf3b1c48af6a28011a5c40a5b3b9b5330530c3827716b5fbf6d7adcc1e53e9"},
    {file = "triton-3.0.0-1-cp39-cp39-manylinux2014_x86_64.manylinux_2_17_x86_64.whl", hash = "sha256:6e5727202f7078c56f91ff13ad0c1abab14a0e7f2c87e91b12b6f64f3e8ae609"},
    {file = "triton-3.0.0-cp310-cp310-manylinux_2_17_x86_64.manylinux2014_x86_64.whl", hash = "sha256:39b052da883351fdf6be3d93cedae6db3b8e3988d3b09ed221bccecfa9612230"},
    {file = "triton-3.0.0-cp311-cp311-manylinux_2_17_x86_64.manylinux2014_x86_64.whl", hash = "sha256:cd34f19a8582af96e6291d4afce25dac08cb2a5d218c599163761e8e0827208e"},
    {file = "triton-3.0.0-cp312-cp312-manylinux_2_17_x86_64.manylinux2014_x86_64.whl", hash = "sha256:0d5e10de8c011adeb7c878c6ce0dd6073b14367749e34467f1cff2bde1b78253"},
    {file = "triton-3.0.0-cp38-cp38-manylinux_2_17_x86_64.manylinux2014_x86_64.whl", hash = "sha256:e8903767951bf86ec960b4fe4e21bc970055afc65e9d57e916d79ae3c93665e3"},
    {file = "triton-3.0.0-cp39-cp39-manylinux_2_17_x86_64.manylinux2014_x86_64.whl", hash = "sha256:41004fb1ae9a53fcb3e970745feb87f0e3c94c6ce1ba86e95fa3b8537894bef7"},
]

[package.dependencies]
filelock = "*"

[package.extras]
build = ["cmake (>=3.20)", "lit"]
tests = ["autopep8", "flake8", "isort", "llnl-hatchet", "numpy", "pytest", "scipy (>=1.7.1)"]
tutorials = ["matplotlib", "pandas", "tabulate"]

[package.source]
type = "legacy"
url = "https://download.pytorch.org/whl/cu121"
reference = "torch-cuda"

[[package]]
name = "typing_extensions"
version = "4.13.2"
description = "Backported and Experimental Type Hints for Python 3.8+"
optional = false
python-versions = "*"
files = []

[[package]]
name = "yt-dlp"
version = "2025.4.30"
description = "A feature-rich command-line audio/video downloader"
optional = false
python-versions = "*"
files = []

[metadata]
lock-version = "2.0"
python-versions = "^3.10"
content-hash = "6dbee6e772d920eeb5539c67e014947606e55377bbdfc3f8909d5884f58575b3"
